// !$*UTF8*$!
{
	archiveVersion = 1;
	classes = {
	};
	objectVersion = 46;
	objects = {

/* Begin PBXBuildFile section */
		CE4F12B31C20214600A06A15 /* MenuController.swift in Sources */ = {isa = PBXBuildFile; fileRef = CE4F12B21C20214600A06A15 /* MenuController.swift */; settings = {ASSET_TAGS = (); }; };
		CE4F12B61C2066DB00A06A15 /* Main.storyboard in Resources */ = {isa = PBXBuildFile; fileRef = CE4F12B41C2066DB00A06A15 /* Main.storyboard */; settings = {ASSET_TAGS = (); }; };
		CEE75BC81C1B4FF600303B28 /* AppDelegate.swift in Sources */ = {isa = PBXBuildFile; fileRef = CEE75BC71C1B4FF600303B28 /* AppDelegate.swift */; };
		CEE75BCF1C1B4FF600303B28 /* Assets.xcassets in Resources */ = {isa = PBXBuildFile; fileRef = CEE75BCE1C1B4FF600303B28 /* Assets.xcassets */; };
		CEE75BD21C1B4FF600303B28 /* LaunchScreen.storyboard in Resources */ = {isa = PBXBuildFile; fileRef = CEE75BD01C1B4FF600303B28 /* LaunchScreen.storyboard */; };
		CEE75BDC1C1B5BAE00303B28 /* MusicController.swift in Sources */ = {isa = PBXBuildFile; fileRef = CEE75BDB1C1B5BAE00303B28 /* MusicController.swift */; settings = {ASSET_TAGS = (); }; };
		CEE75BDE1C1B5F6300303B28 /* VideoPlayerView.swift in Sources */ = {isa = PBXBuildFile; fileRef = CEE75BDD1C1B5F6300303B28 /* VideoPlayerView.swift */; settings = {ASSET_TAGS = (); }; };
		CEE75BE21C1B660B00303B28 /* Big_Buck_Bunny_Trailer.m4v in Resources */ = {isa = PBXBuildFile; fileRef = CEE75BE11C1B660B00303B28 /* Big_Buck_Bunny_Trailer.m4v */; settings = {ASSET_TAGS = (); }; };
/* End PBXBuildFile section */

/* Begin PBXFileReference section */
		CE4F12B21C20214600A06A15 /* MenuController.swift */ = {isa = PBXFileReference; fileEncoding = 4; lastKnownFileType = sourcecode.swift; path = MenuController.swift; sourceTree = "<group>"; };
		CE4F12B51C2066DB00A06A15 /* Base */ = {isa = PBXFileReference; lastKnownFileType = file.storyboard; name = Base; path = Base.lproj/Main.storyboard; sourceTree = "<group>"; };
		CEE75BC41C1B4FF600303B28 /* Multimedia.app */ = {isa = PBXFileReference; explicitFileType = wrapper.application; includeInIndex = 0; path = Multimedia.app; sourceTree = BUILT_PRODUCTS_DIR; };
		CEE75BC71C1B4FF600303B28 /* AppDelegate.swift */ = {isa = PBXFileReference; lastKnownFileType = sourcecode.swift; path = AppDelegate.swift; sourceTree = "<group>"; };
		CEE75BCE1C1B4FF600303B28 /* Assets.xcassets */ = {isa = PBXFileReference; lastKnownFileType = folder.assetcatalog; path = Assets.xcassets; sourceTree = "<group>"; };
		CEE75BD11C1B4FF600303B28 /* Base */ = {isa = PBXFileReference; lastKnownFileType = file.storyboard; name = Base; path = Base.lproj/LaunchScreen.storyboard; sourceTree = "<group>"; };
		CEE75BD31C1B4FF600303B28 /* Info.plist */ = {isa = PBXFileReference; lastKnownFileType = text.plist.xml; path = Info.plist; sourceTree = "<group>"; };
		CEE75BDB1C1B5BAE00303B28 /* MusicController.swift */ = {isa = PBXFileReference; fileEncoding = 4; lastKnownFileType = sourcecode.swift; path = MusicController.swift; sourceTree = "<group>"; };
		CEE75BDD1C1B5F6300303B28 /* VideoPlayerView.swift */ = {isa = PBXFileReference; fileEncoding = 4; lastKnownFileType = sourcecode.swift; path = VideoPlayerView.swift; sourceTree = "<group>"; };
		CEE75BE11C1B660B00303B28 /* Big_Buck_Bunny_Trailer.m4v */ = {isa = PBXFileReference; lastKnownFileType = file; name = Big_Buck_Bunny_Trailer.m4v; path = ../Big_Buck_Bunny_Trailer.m4v; sourceTree = "<group>"; };
/* End PBXFileReference section */

/* Begin PBXFrameworksBuildPhase section */
		CEE75BC11C1B4FF600303B28 /* Frameworks */ = {
			isa = PBXFrameworksBuildPhase;
			buildActionMask = 2147483647;
			files = (
			);
			runOnlyForDeploymentPostprocessing = 0;
		};
/* End PBXFrameworksBuildPhase section */

/* Begin PBXGroup section */
		CEE75BBB1C1B4FF600303B28 = {
			isa = PBXGroup;
			children = (
				CEE75BE11C1B660B00303B28 /* Big_Buck_Bunny_Trailer.m4v */,
				CEE75BC61C1B4FF600303B28 /* Multimedia */,
				CEE75BC51C1B4FF600303B28 /* Products */,
			);
			sourceTree = "<group>";
		};
		CEE75BC51C1B4FF600303B28 /* Products */ = {
			isa = PBXGroup;
			children = (
				CEE75BC41C1B4FF600303B28 /* Multimedia.app */,
			);
			name = Products;
			sourceTree = "<group>";
		};
		CEE75BC61C1B4FF600303B28 /* Multimedia */ = {
			isa = PBXGroup;
			children = (
				CE4F12B41C2066DB00A06A15 /* Main.storyboard */,
				CEE75BC71C1B4FF600303B28 /* AppDelegate.swift */,
				CEE75BCE1C1B4FF600303B28 /* Assets.xcassets */,
				CEE75BD01C1B4FF600303B28 /* LaunchScreen.storyboard */,
				CEE75BD31C1B4FF600303B28 /* Info.plist */,
				CEE75BDB1C1B5BAE00303B28 /* MusicController.swift */,
				CEE75BDD1C1B5F6300303B28 /* VideoPlayerView.swift */,
				CE4F12B21C20214600A06A15 /* MenuController.swift */,
			);
			path = Multimedia;
			sourceTree = "<group>";
		};
/* End PBXGroup section */

/* Begin PBXNativeTarget section */
		CEE75BC31C1B4FF600303B28 /* Multimedia */ = {
			isa = PBXNativeTarget;
			buildConfigurationList = CEE75BD61C1B4FF600303B28 /* Build configuration list for PBXNativeTarget "Multimedia" */;
			buildPhases = (
				CEE75BC01C1B4FF600303B28 /* Sources */,
				CEE75BC11C1B4FF600303B28 /* Frameworks */,
				CEE75BC21C1B4FF600303B28 /* Resources */,
			);
			buildRules = (
			);
			dependencies = (
			);
			name = Multimedia;
			productName = Multimedia;
			productReference = CEE75BC41C1B4FF600303B28 /* Multimedia.app */;
			productType = "com.apple.product-type.application";
		};
/* End PBXNativeTarget section */

/* Begin PBXProject section */
		CEE75BBC1C1B4FF600303B28 /* Project object */ = {
			isa = PBXProject;
			attributes = {
				LastUpgradeCheck = 0700;
				ORGANIZATIONNAME = user;
				TargetAttributes = {
					CEE75BC31C1B4FF600303B28 = {
						CreatedOnToolsVersion = 7.0.1;
					};
				};
			};
			buildConfigurationList = CEE75BBF1C1B4FF600303B28 /* Build configuration list for PBXProject "Multimedia" */;
			compatibilityVersion = "Xcode 3.2";
			developmentRegion = English;
			hasScannedForEncodings = 0;
			knownRegions = (
				en,
				Base,
			);
			mainGroup = CEE75BBB1C1B4FF600303B28;
			productRefGroup = CEE75BC51C1B4FF600303B28 /* Products */;
			projectDirPath = "";
			projectRoot = "";
			targets = (
				CEE75BC31C1B4FF600303B28 /* Multimedia */,
			);
		};
/* End PBXProject section */

/* Begin PBXResourcesBuildPhase section */
		CEE75BC21C1B4FF600303B28 /* Resources */ = {
			isa = PBXResourcesBuildPhase;
			buildActionMask = 2147483647;
			files = (
				CEE75BD21C1B4FF600303B28 /* LaunchScreen.storyboard in Resources */,
				CEE75BCF1C1B4FF600303B28 /* Assets.xcassets in Resources */,
				CEE75BE21C1B660B00303B28 /* Big_Buck_Bunny_Trailer.m4v in Resources */,
				CE4F12B61C2066DB00A06A15 /* Main.storyboard in Resources */,
			);
			runOnlyForDeploymentPostprocessing = 0;
		};
/* End PBXResourcesBuildPhase section */

/* Begin PBXSourcesBuildPhase section */
		CEE75BC01C1B4FF600303B28 /* Sources */ = {
			isa = PBXSourcesBuildPhase;
			buildActionMask = 2147483647;
			files = (
				CE4F12B31C20214600A06A15 /* MenuController.swift in Sources */,
				CEE75BC81C1B4FF600303B28 /* AppDelegate.swift in Sources */,
				CEE75BDC1C1B5BAE00303B28 /* MusicController.swift in Sources */,
				CEE75BDE1C1B5F6300303B28 /* VideoPlayerView.swift in Sources */,
			);
			runOnlyForDeploymentPostprocessing = 0;
		};
/* End PBXSourcesBuildPhase section */

/* Begin PBXVariantGroup section */
		CE4F12B41C2066DB00A06A15 /* Main.storyboard */ = {
			isa = PBXVariantGroup;
			children = (
				CE4F12B51C2066DB00A06A15 /* Base */,
			);
			name = Main.storyboard;
			sourceTree = "<group>";
		};
		CEE75BD01C1B4FF600303B28 /* LaunchScreen.storyboard */ = {
			isa = PBXVariantGroup;
			children = (
				CEE75BD11C1B4FF600303B28 /* Base */,
			);
			name = LaunchScreen.storyboard;
			sourceTree = "<group>";
		};
/* End PBXVariantGroup section */

/* Begin XCBuildConfiguration section */
		CEE75BD41C1B4FF600303B28 /* Debug */ = {
			isa = XCBuildConfiguration;
			buildSettings = {
				ALWAYS_SEARCH_USER_PATHS = NO;
				CLANG_CXX_LANGUAGE_STANDARD = "gnu++0x";
				CLANG_CXX_LIBRARY = "libc++";
				CLANG_ENABLE_MODULES = YES;
				CLANG_ENABLE_OBJC_ARC = YES;
				CLANG_WARN_BOOL_CONVERSION = YES;
				CLANG_WARN_CONSTANT_CONVERSION = YES;
				CLANG_WARN_DIRECT_OBJC_ISA_USAGE = YES_ERROR;
				CLANG_WARN_EMPTY_BODY = YES;
				CLANG_WARN_ENUM_CONVERSION = YES;
				CLANG_WARN_INT_CONVERSION = YES;
				CLANG_WARN_OBJC_ROOT_CLASS = YES_ERROR;
				CLANG_WARN_UNREACHABLE_CODE = YES;
				CLANG_WARN__DUPLICATE_METHOD_MATCH = YES;
				"CODE_SIGN_IDENTITY[sdk=iphoneos*]" = "iPhone Developer";
				COPY_PHASE_STRIP = NO;
				DEBUG_INFORMATION_FORMAT = dwarf;
				ENABLE_STRICT_OBJC_MSGSEND = YES;
				ENABLE_TESTABILITY = YES;
				GCC_C_LANGUAGE_STANDARD = gnu99;
				GCC_DYNAMIC_NO_PIC = NO;
				GCC_NO_COMMON_BLOCKS = YES;
				GCC_OPTIMIZATION_LEVEL = 0;
				GCC_PREPROCESSOR_DEFINITIONS = (
					"DEBUG=1",
					"$(inherited)",
				);
				GCC_WARN_64_TO_32_BIT_CONVERSION = YES;
				GCC_WARN_ABOUT_RETURN_TYPE = YES_ERROR;
				GCC_WARN_UNDECLARED_SELECTOR = YES;
				GCC_WARN_UNINITIALIZED_AUTOS = YES_AGGRESSIVE;
				GCC_WARN_UNUSED_FUNCTION = YES;
				GCC_WARN_UNUSED_VARIABLE = YES;
				IPHONEOS_DEPLOYMENT_TARGET = 9.0;
				MTL_ENABLE_DEBUG_INFO = YES;
				ONLY_ACTIVE_ARCH = YES;
				SDKROOT = iphoneos;
				SWIFT_OPTIMIZATION_LEVEL = "-Onone";
				TARGETED_DEVICE_FAMILY = "1,2";
			};
			name = Debug;
		};
		CEE75BD51C1B4FF600303B28 /* Release */ = {
			isa = XCBuildConfiguration;
			buildSettings = {
				ALWAYS_SEARCH_USER_PATHS = NO;
				CLANG_CXX_LANGUAGE_STANDARD = "gnu++0x";
				CLANG_CXX_LIBRARY = "libc++";
				CLANG_ENABLE_MODULES = YES;
				CLANG_ENABLE_OBJC_ARC = YES;
				CLANG_WARN_BOOL_CONVERSION = YES;
				CLANG_WARN_CONSTANT_CONVERSION = YES;
				CLANG_WARN_DIRECT_OBJC_ISA_USAGE = YES_ERROR;
				CLANG_WARN_EMPTY_BODY = YES;
				CLANG_WARN_ENUM_CONVERSION = YES;
				CLANG_WARN_INT_CONVERSION = YES;
				CLANG_WARN_OBJC_ROOT_CLASS = YES_ERROR;
				CLANG_WARN_UNREACHABLE_CODE = YES;
				CLANG_WARN__DUPLICATE_METHOD_MATCH = YES;
				"CODE_SIGN_IDENTITY[sdk=iphoneos*]" = "iPhone Developer";
				COPY_PHASE_STRIP = NO;
				DEBUG_INFORMATION_FORMAT = "dwarf-with-dsym";
				ENABLE_NS_ASSERTIONS = NO;
				ENABLE_STRICT_OBJC_MSGSEND = YES;
				GCC_C_LANGUAGE_STANDARD = gnu99;
				GCC_NO_COMMON_BLOCKS = YES;
				GCC_WARN_64_TO_32_BIT_CONVERSION = YES;
				GCC_WARN_ABOUT_RETURN_TYPE = YES_ERROR;
				GCC_WARN_UNDECLARED_SELECTOR = YES;
				GCC_WARN_UNINITIALIZED_AUTOS = YES_AGGRESSIVE;
				GCC_WARN_UNUSED_FUNCTION = YES;
				GCC_WARN_UNUSED_VARIABLE = YES;
				IPHONEOS_DEPLOYMENT_TARGET = 9.0;
				MTL_ENABLE_DEBUG_INFO = NO;
				SDKROOT = iphoneos;
				TARGETED_DEVICE_FAMILY = "1,2";
				VALIDATE_PRODUCT = YES;
			};
			name = Release;
		};
		CEE75BD71C1B4FF600303B28 /* Debug */ = {
			isa = XCBuildConfiguration;
			buildSettings = {
				ASSETCATALOG_COMPILER_APPICON_NAME = AppIcon;
				INFOPLIST_FILE = Multimedia/Info.plist;
				LD_RUNPATH_SEARCH_PATHS = "$(inherited) @executable_path/Frameworks";
				PRODUCT_BUNDLE_IDENTIFIER = mse.Multimedia;
				PRODUCT_NAME = "$(TARGET_NAME)";
			};
			name = Debug;
		};
		CEE75BD81C1B4FF600303B28 /* Release */ = {
			isa = XCBuildConfiguration;
			buildSettings = {
				ASSETCATALOG_COMPILER_APPICON_NAME = AppIcon;
				INFOPLIST_FILE = Multimedia/Info.plist;
				LD_RUNPATH_SEARCH_PATHS = "$(inherited) @executable_path/Frameworks";
				PRODUCT_BUNDLE_IDENTIFIER = mse.Multimedia;
				PRODUCT_NAME = "$(TARGET_NAME)";
			};
			name = Release;
		};
/* End XCBuildConfiguration section */

/* Begin XCConfigurationList section */
		CEE75BBF1C1B4FF600303B28 /* Build configuration list for PBXProject "Multimedia" */ = {
			isa = XCConfigurationList;
			buildConfigurations = (
				CEE75BD41C1B4FF600303B28 /* Debug */,
				CEE75BD51C1B4FF600303B28 /* Release */,
			);
			defaultConfigurationIsVisible = 0;
			defaultConfigurationName = Release;
		};
		CEE75BD61C1B4FF600303B28 /* Build configuration list for PBXNativeTarget "Multimedia" */ = {
			isa = XCConfigurationList;
			buildConfigurations = (
				CEE75BD71C1B4FF600303B28 /* Debug */,
				CEE75BD81C1B4FF600303B28 /* Release */,
			);
			defaultConfigurationIsVisible = 0;
			defaultConfigurationName = Release;
		};
/* End XCConfigurationList section */
	};
	rootObject = CEE75BBC1C1B4FF600303B28 /* Project object */;
}
